{
  "lockfile-version": 0,
  "manifest": {
    "hook": {
      "script": "  # Autogenerated by flox\n\n  # Setup a Python virtual environment\n\n  PYTHON_DIR=\"$FLOX_ENV_CACHE/python\"\n  if [ ! -d \"$PYTHON_DIR\" ]; then\n    echo \"Creating python virtual environment in $PYTHON_DIR\"\n    python -m venv \"$PYTHON_DIR\"\n  fi\n\n  echo \"Activating python virtual environment\"\n  source \"$PYTHON_DIR/bin/activate\"\n\n  pip install -r \"$FLOX_ENV_PROJECT/requirements.txt\" --quiet\n\n  # End autogenerated by flox\n"
    },
    "install": {
      "nikola": {
        "pkg-path": "python311Packages.nikola"
      },
      "pagefind": {
        "pkg-path": "pagefind"
      },
      "python3": {
        "pkg-path": "python3"
      },
      "segno": {
        "pkg-path": "python311Packages.segno"
      }
    },
    "options": {
      "systems": [
        "x86_64-linux"
      ]
    },
    "registry": {
      "defaults": {
        "subtrees": null
      },
      "inputs": {
        "nixpkgs": {
          "from": {
            "owner": "NixOS",
            "ref": "release-23.11",
            "repo": "nixpkgs",
            "type": "github"
          },
          "subtrees": [
            "legacyPackages"
          ]
        }
      },
      "priority": [
        "nixpkgs"
      ]
    },
    "vars": {}
  },
  "packages": {
    "x86_64-linux": {
      "nikola": {
        "attr-path": [
          "legacyPackages",
          "x86_64-linux",
          "python311Packages",
          "nikola"
        ],
        "info": {
          "broken": false,
          "description": "Static website and blog generator",
          "license": "MIT",
          "pname": "nikola",
          "unfree": false,
          "version": "8.2.4"
        },
        "input": {
          "attrs": {
            "lastModified": 1717943341,
            "narHash": "sha256-yxWsqI5xJD3CxLsxUdwO0j6I3w9tWL7OTPX+an34NeE=",
            "owner": "NixOS",
            "repo": "nixpkgs",
            "rev": "d7a9684369629451f055bdef150053e3ba02c142",
            "type": "github"
          },
          "fingerprint": "bd64cab60fad42da317959f8bfd7e50b29a7c9a985e6691ee412be7df80f7383",
          "url": "github:NixOS/nixpkgs/d7a9684369629451f055bdef150053e3ba02c142"
        },
        "priority": 5
      },
      "pagefind": {
        "attr-path": [
          "legacyPackages",
          "x86_64-linux",
          "pagefind"
        ],
        "info": {
          "broken": false,
          "description": "Generate low-bandwidth search index for your static website",
          "license": "MIT",
          "pname": "pagefind",
          "unfree": false,
          "version": "1.0.3"
        },
        "input": {
          "attrs": {
            "lastModified": 1717943341,
            "narHash": "sha256-yxWsqI5xJD3CxLsxUdwO0j6I3w9tWL7OTPX+an34NeE=",
            "owner": "NixOS",
            "repo": "nixpkgs",
            "rev": "d7a9684369629451f055bdef150053e3ba02c142",
            "type": "github"
          },
          "fingerprint": "bd64cab60fad42da317959f8bfd7e50b29a7c9a985e6691ee412be7df80f7383",
          "url": "github:NixOS/nixpkgs/d7a9684369629451f055bdef150053e3ba02c142"
        },
        "priority": 5
      },
      "python3": {
        "attr-path": [
          "legacyPackages",
          "x86_64-linux",
          "python3"
        ],
        "info": {
          "broken": false,
          "description": "A high-level dynamically-typed programming language",
          "license": "Python-2.0",
          "pname": "python3",
          "unfree": false,
          "version": "3.11.8"
        },
        "input": {
          "attrs": {
            "lastModified": 1717943341,
            "narHash": "sha256-yxWsqI5xJD3CxLsxUdwO0j6I3w9tWL7OTPX+an34NeE=",
            "owner": "NixOS",
            "repo": "nixpkgs",
            "rev": "d7a9684369629451f055bdef150053e3ba02c142",
            "type": "github"
          },
          "fingerprint": "bd64cab60fad42da317959f8bfd7e50b29a7c9a985e6691ee412be7df80f7383",
          "url": "github:NixOS/nixpkgs/d7a9684369629451f055bdef150053e3ba02c142"
        },
        "priority": 5
      },
      "segno": {
        "attr-path": [
          "legacyPackages",
          "x86_64-linux",
          "python311Packages",
          "segno"
        ],
        "info": {
          "broken": false,
          "description": "QR Code and Micro QR Code encoder",
          "license": "BSD-3-Clause",
          "pname": "segno",
          "unfree": false,
          "version": "1.5.3"
        },
        "input": {
          "attrs": {
            "lastModified": 1717943341,
            "narHash": "sha256-yxWsqI5xJD3CxLsxUdwO0j6I3w9tWL7OTPX+an34NeE=",
            "owner": "NixOS",
            "repo": "nixpkgs",
            "rev": "d7a9684369629451f055bdef150053e3ba02c142",
            "type": "github"
          },
          "fingerprint": "bd64cab60fad42da317959f8bfd7e50b29a7c9a985e6691ee412be7df80f7383",
          "url": "github:NixOS/nixpkgs/d7a9684369629451f055bdef150053e3ba02c142"
        },
        "priority": 5
      }
    }
  },
  "registry": {
    "defaults": {
      "subtrees": null
    },
    "inputs": {
      "nixpkgs": {
        "from": {
          "lastModified": 1717943341,
          "narHash": "sha256-yxWsqI5xJD3CxLsxUdwO0j6I3w9tWL7OTPX+an34NeE=",
          "owner": "NixOS",
          "repo": "nixpkgs",
          "rev": "d7a9684369629451f055bdef150053e3ba02c142",
          "type": "github"
        },
        "subtrees": [
          "legacyPackages"
        ]
      }
    },
    "priority": [
      "nixpkgs"
    ]
  }
}